
Microsoft Visual Studio Solution File, Format Version 12.00
# Visual Studio Version 16
VisualStudioVersion = 16.0.30907.101
MinimumVisualStudioVersion = 10.0.40219.1
Project("{9A19103F-16F7-4668-BE54-9A1E7A4F7556}") = "sample-database", ".\samples\sample-database\sample-database.csproj", "{011CEEF9-1AA4-4F74-AF79-2227BD337BB2}"
EndProject
Project("{FAE04EC0-301F-11D3-BF4B-00C04F79EFBC}") = "sample-database.test", ".\samples\sample-database.test\sample-database.test.csproj", "{B5C78174-312E-4986-854B-737B6D826D71}"
EndProject
Global
	GlobalSection(SolutionConfigurationPlatforms) = preSolution
		Debug|Any CPU = Debug|Any CPU
		Release|Any CPU = Release|Any CPU
	EndGlobalSection
	GlobalSection(ProjectConfigurationPlatforms) = postSolution
		{011CEEF9-1AA4-4F74-AF79-2227BD337BB2}.Debug|Any CPU.ActiveCfg = Debug|Any CPU
		{011CEEF9-1AA4-4F74-AF79-2227BD337BB2}.Debug|Any CPU.Build.0 = Debug|Any CPU
		{011CEEF9-1AA4-4F74-AF79-2227BD337BB2}.Release|Any CPU.ActiveCfg = Release|Any CPU
		{011CEEF9-1AA4-4F74-AF79-2227BD337BB2}.Release|Any CPU.Build.0 = Release|Any CPU
		{B5C78174-312E-4986-854B-737B6D826D71}.Debug|Any CPU.ActiveCfg = Debug|Any CPU
		{B5C78174-312E-4986-854B-737B6D826D71}.Debug|Any CPU.Build.0 = Debug|Any CPU
		{B5C78174-312E-4986-854B-737B6D826D71}.Release|Any CPU.ActiveCfg = Release|Any CPU
		{B5C78174-312E-4986-854B-737B6D826D71}.Release|Any CPU.Build.0 = Release|Any CPU
	EndGlobalSection
	GlobalSection(SolutionProperties) = preSolution
		HideSolutionNode = FALSE
	EndGlobalSection
	GlobalSection(ExtensibilityGlobals) = postSolution
		SolutionGuid = {92F63517-DB1F-4188-8AC8-8C4561133511}
	EndGlobalSection
EndGlobal
